// !$*UTF8*$!
{
	archiveVersion = 1;
	classes = {
	};
	objectVersion = 46;
	objects = {

/* Begin PBXBuildFile section */
		FAEC3BA51CD1BA5E00460C17 /* main.m in Sources */ = {isa = PBXBuildFile; fileRef = FAEC3BA41CD1BA5E00460C17 /* main.m */; };
		FAEC3BA81CD1BA5E00460C17 /* AppDelegate.m in Sources */ = {isa = PBXBuildFile; fileRef = FAEC3BA71CD1BA5E00460C17 /* AppDelegate.m */; };
		FAEC3BAB1CD1BA5E00460C17 /* ViewController.m in Sources */ = {isa = PBXBuildFile; fileRef = FAEC3BAA1CD1BA5E00460C17 /* ViewController.m */; };
		FAEC3BAE1CD1BA5E00460C17 /* Main.storyboard in Resources */ = {isa = PBXBuildFile; fileRef = FAEC3BAC1CD1BA5E00460C17 /* Main.storyboard */; };
		FAEC3BB01CD1BA5E00460C17 /* Assets.xcassets in Resources */ = {isa = PBXBuildFile; fileRef = FAEC3BAF1CD1BA5E00460C17 /* Assets.xcassets */; };
		FAEC3BB31CD1BA5E00460C17 /* LaunchScreen.storyboard in Resources */ = {isa = PBXBuildFile; fileRef = FAEC3BB11CD1BA5E00460C17 /* LaunchScreen.storyboard */; };
		FAEC3BBE1CD1BA5E00460C17 /* ShoppingCartAnimationTests.m in Sources */ = {isa = PBXBuildFile; fileRef = FAEC3BBD1CD1BA5E00460C17 /* ShoppingCartAnimationTests.m */; };
		FAEC3BC91CD1BA5E00460C17 /* ShoppingCartAnimationUITests.m in Sources */ = {isa = PBXBuildFile; fileRef = FAEC3BC81CD1BA5E00460C17 /* ShoppingCartAnimationUITests.m */; };
/* End PBXBuildFile section */

/* Begin PBXContainerItemProxy section */
		FAEC3BBA1CD1BA5E00460C17 /* PBXContainerItemProxy */ = {
			isa = PBXContainerItemProxy;
			containerPortal = FAEC3B981CD1BA5E00460C17 /* Project object */;
			proxyType = 1;
			remoteGlobalIDString = FAEC3B9F1CD1BA5E00460C17;
			remoteInfo = ShoppingCartAnimation;
		};
		FAEC3BC51CD1BA5E00460C17 /* PBXContainerItemProxy */ = {
			isa = PBXContainerItemProxy;
			containerPortal = FAEC3B981CD1BA5E00460C17 /* Project object */;
			proxyType = 1;
			remoteGlobalIDString = FAEC3B9F1CD1BA5E00460C17;
			remoteInfo = ShoppingCartAnimation;
		};
/* End PBXContainerItemProxy section */

/* Begin PBXFileReference section */
		FAEC3BA01CD1BA5E00460C17 /* ShoppingCartAnimation.app */ = {isa = PBXFileReference; explicitFileType = wrapper.application; includeInIndex = 0; path = ShoppingCartAnimation.app; sourceTree = BUILT_PRODUCTS_DIR; };
		FAEC3BA41CD1BA5E00460C17 /* main.m */ = {isa = PBXFileReference; lastKnownFileType = sourcecode.c.objc; path = main.m; sourceTree = "<group>"; };
		FAEC3BA61CD1BA5E00460C17 /* AppDelegate.h */ = {isa = PBXFileReference; lastKnownFileType = sourcecode.c.h; path = AppDelegate.h; sourceTree = "<group>"; };
		FAEC3BA71CD1BA5E00460C17 /* AppDelegate.m */ = {isa = PBXFileReference; lastKnownFileType = sourcecode.c.objc; path = AppDelegate.m; sourceTree = "<group>"; };
		FAEC3BA91CD1BA5E00460C17 /* ViewController.h */ = {isa = PBXFileReference; lastKnownFileType = sourcecode.c.h; path = ViewController.h; sourceTree = "<group>"; };
		FAEC3BAA1CD1BA5E00460C17 /* ViewController.m */ = {isa = PBXFileReference; lastKnownFileType = sourcecode.c.objc; path = ViewController.m; sourceTree = "<group>"; };
		FAEC3BAD1CD1BA5E00460C17 /* Base */ = {isa = PBXFileReference; lastKnownFileType = file.storyboard; name = Base; path = Base.lproj/Main.storyboard; sourceTree = "<group>"; };
		FAEC3BAF1CD1BA5E00460C17 /* Assets.xcassets */ = {isa = PBXFileReference; lastKnownFileType = folder.assetcatalog; path = Assets.xcassets; sourceTree = "<group>"; };
		FAEC3BB21CD1BA5E00460C17 /* Base */ = {isa = PBXFileReference; lastKnownFileType = file.storyboard; name = Base; path = Base.lproj/LaunchScreen.storyboard; sourceTree = "<group>"; };
		FAEC3BB41CD1BA5E00460C17 /* Info.plist */ = {isa = PBXFileReference; lastKnownFileType = text.plist.xml; path = Info.plist; sourceTree = "<group>"; };
		FAEC3BB91CD1BA5E00460C17 /* ShoppingCartAnimationTests.xctest */ = {isa = PBXFileReference; explicitFileType = wrapper.cfbundle; includeInIndex = 0; path = ShoppingCartAnimationTests.xctest; sourceTree = BUILT_PRODUCTS_DIR; };
		FAEC3BBD1CD1BA5E00460C17 /* ShoppingCartAnimationTests.m */ = {isa = PBXFileReference; lastKnownFileType = sourcecode.c.objc; path = ShoppingCartAnimationTests.m; sourceTree = "<group>"; };
		FAEC3BBF1CD1BA5E00460C17 /* Info.plist */ = {isa = PBXFileReference; lastKnownFileType = text.plist.xml; path = Info.plist; sourceTree = "<group>"; };
		FAEC3BC41CD1BA5E00460C17 /* ShoppingCartAnimationUITests.xctest */ = {isa = PBXFileReference; explicitFileType = wrapper.cfbundle; includeInIndex = 0; path = ShoppingCartAnimationUITests.xctest; sourceTree = BUILT_PRODUCTS_DIR; };
		FAEC3BC81CD1BA5E00460C17 /* ShoppingCartAnimationUITests.m */ = {isa = PBXFileReference; lastKnownFileType = sourcecode.c.objc; path = ShoppingCartAnimationUITests.m; sourceTree = "<group>"; };
		FAEC3BCA1CD1BA5E00460C17 /* Info.plist */ = {isa = PBXFileReference; lastKnownFileType = text.plist.xml; path = Info.plist; sourceTree = "<group>"; };
/* End PBXFileReference section */

/* Begin PBXFrameworksBuildPhase section */
		FAEC3B9D1CD1BA5E00460C17 /* Frameworks */ = {
			isa = PBXFrameworksBuildPhase;
			buildActionMask = 2147483647;
			files = (
			);
			runOnlyForDeploymentPostprocessing = 0;
		};
		FAEC3BB61CD1BA5E00460C17 /* Frameworks */ = {
			isa = PBXFrameworksBuildPhase;
			buildActionMask = 2147483647;
			files = (
			);
			runOnlyForDeploymentPostprocessing = 0;
		};
		FAEC3BC11CD1BA5E00460C17 /* Frameworks */ = {
			isa = PBXFrameworksBuildPhase;
			buildActionMask = 2147483647;
			files = (
			);
			runOnlyForDeploymentPostprocessing = 0;
		};
/* End PBXFrameworksBuildPhase section */

/* Begin PBXGroup section */
		FAEC3B971CD1BA5E00460C17 = {
			isa = PBXGroup;
			children = (
				FAEC3BA21CD1BA5E00460C17 /* ShoppingCartAnimation */,
				FAEC3BBC1CD1BA5E00460C17 /* ShoppingCartAnimationTests */,
				FAEC3BC71CD1BA5E00460C17 /* ShoppingCartAnimationUITests */,
				FAEC3BA11CD1BA5E00460C17 /* Products */,
			);
			sourceTree = "<group>";
		};
		FAEC3BA11CD1BA5E00460C17 /* Products */ = {
			isa = PBXGroup;
			children = (
				FAEC3BA01CD1BA5E00460C17 /* ShoppingCartAnimation.app */,
				FAEC3BB91CD1BA5E00460C17 /* ShoppingCartAnimationTests.xctest */,
				FAEC3BC41CD1BA5E00460C17 /* ShoppingCartAnimationUITests.xctest */,
			);
			name = Products;
			sourceTree = "<group>";
		};
		FAEC3BA21CD1BA5E00460C17 /* ShoppingCartAnimation */ = {
			isa = PBXGroup;
			children = (
				FAEC3BA61CD1BA5E00460C17 /* AppDelegate.h */,
				FAEC3BA71CD1BA5E00460C17 /* AppDelegate.m */,
				FAEC3BA91CD1BA5E00460C17 /* ViewController.h */,
				FAEC3BAA1CD1BA5E00460C17 /* ViewController.m */,
				FAEC3BAC1CD1BA5E00460C17 /* Main.storyboard */,
				FAEC3BAF1CD1BA5E00460C17 /* Assets.xcassets */,
				FAEC3BB11CD1BA5E00460C17 /* LaunchScreen.storyboard */,
				FAEC3BB41CD1BA5E00460C17 /* Info.plist */,
				FAEC3BA31CD1BA5E00460C17 /* Supporting Files */,
			);
			path = ShoppingCartAnimation;
			sourceTree = "<group>";
		};
		FAEC3BA31CD1BA5E00460C17 /* Supporting Files */ = {
			isa = PBXGroup;
			children = (
				FAEC3BA41CD1BA5E00460C17 /* main.m */,
			);
			name = "Supporting Files";
			sourceTree = "<group>";
		};
		FAEC3BBC1CD1BA5E00460C17 /* ShoppingCartAnimationTests */ = {
			isa = PBXGroup;
			children = (
				FAEC3BBD1CD1BA5E00460C17 /* ShoppingCartAnimationTests.m */,
				FAEC3BBF1CD1BA5E00460C17 /* Info.plist */,
			);
			path = ShoppingCartAnimationTests;
			sourceTree = "<group>";
		};
		FAEC3BC71CD1BA5E00460C17 /* ShoppingCartAnimationUITests */ = {
			isa = PBXGroup;
			children = (
				FAEC3BC81CD1BA5E00460C17 /* ShoppingCartAnimationUITests.m */,
				FAEC3BCA1CD1BA5E00460C17 /* Info.plist */,
			);
			path = ShoppingCartAnimationUITests;
			sourceTree = "<group>";
		};
/* End PBXGroup section */

/* Begin PBXNativeTarget section */
		FAEC3B9F1CD1BA5E00460C17 /* ShoppingCartAnimation */ = {
			isa = PBXNativeTarget;
			buildConfigurationList = FAEC3BCD1CD1BA5E00460C17 /* Build configuration list for PBXNativeTarget "ShoppingCartAnimation" */;
			buildPhases = (
				FAEC3B9C1CD1BA5E00460C17 /* Sources */,
				FAEC3B9D1CD1BA5E00460C17 /* Frameworks */,
				FAEC3B9E1CD1BA5E00460C17 /* Resources */,
			);
			buildRules = (
			);
			dependencies = (
			);
			name = ShoppingCartAnimation;
			productName = ShoppingCartAnimation;
			productReference = FAEC3BA01CD1BA5E00460C17 /* ShoppingCartAnimation.app */;
			productType = "com.apple.product-type.application";
		};
		FAEC3BB81CD1BA5E00460C17 /* ShoppingCartAnimationTests */ = {
			isa = PBXNativeTarget;
			buildConfigurationList = FAEC3BD01CD1BA5E00460C17 /* Build configuration list for PBXNativeTarget "ShoppingCartAnimationTests" */;
			buildPhases = (
				FAEC3BB51CD1BA5E00460C17 /* Sources */,
				FAEC3BB61CD1BA5E00460C17 /* Frameworks */,
				FAEC3BB71CD1BA5E00460C17 /* Resources */,
			);
			buildRules = (
			);
			dependencies = (
				FAEC3BBB1CD1BA5E00460C17 /* PBXTargetDependency */,
			);
			name = ShoppingCartAnimationTests;
			productName = ShoppingCartAnimationTests;
			productReference = FAEC3BB91CD1BA5E00460C17 /* ShoppingCartAnimationTests.xctest */;
			productType = "com.apple.product-type.bundle.unit-test";
		};
		FAEC3BC31CD1BA5E00460C17 /* ShoppingCartAnimationUITests */ = {
			isa = PBXNativeTarget;
			buildConfigurationList = FAEC3BD31CD1BA5E00460C17 /* Build configuration list for PBXNativeTarget "ShoppingCartAnimationUITests" */;
			buildPhases = (
				FAEC3BC01CD1BA5E00460C17 /* Sources */,
				FAEC3BC11CD1BA5E00460C17 /* Frameworks */,
				FAEC3BC21CD1BA5E00460C17 /* Resources */,
			);
			buildRules = (
			);
			dependencies = (
				FAEC3BC61CD1BA5E00460C17 /* PBXTargetDependency */,
			);
			name = ShoppingCartAnimationUITests;
			productName = ShoppingCartAnimationUITests;
			productReference = FAEC3BC41CD1BA5E00460C17 /* ShoppingCartAnimationUITests.xctest */;
			productType = "com.apple.product-type.bundle.ui-testing";
		};
/* End PBXNativeTarget section */

/* Begin PBXProject section */
		FAEC3B981CD1BA5E00460C17 /* Project object */ = {
			isa = PBXProject;
			attributes = {
				LastUpgradeCheck = 0730;
				ORGANIZATIONNAME = Alex;
				TargetAttributes = {
					FAEC3B9F1CD1BA5E00460C17 = {
						CreatedOnToolsVersion = 7.3;
					};
					FAEC3BB81CD1BA5E00460C17 = {
						CreatedOnToolsVersion = 7.3;
						TestTargetID = FAEC3B9F1CD1BA5E00460C17;
					};
					FAEC3BC31CD1BA5E00460C17 = {
						CreatedOnToolsVersion = 7.3;
						TestTargetID = FAEC3B9F1CD1BA5E00460C17;
					};
				};
			};
			buildConfigurationList = FAEC3B9B1CD1BA5E00460C17 /* Build configuration list for PBXProject "ShoppingCartAnimation" */;
			compatibilityVersion = "Xcode 3.2";
			developmentRegion = English;
			hasScannedForEncodings = 0;
			knownRegions = (
				en,
				Base,
			);
			mainGroup = FAEC3B971CD1BA5E00460C17;
			productRefGroup = FAEC3BA11CD1BA5E00460C17 /* Products */;
			projectDirPath = "";
			projectRoot = "";
			targets = (
				FAEC3B9F1CD1BA5E00460C17 /* ShoppingCartAnimation */,
				FAEC3BB81CD1BA5E00460C17 /* ShoppingCartAnimationTests */,
				FAEC3BC31CD1BA5E00460C17 /* ShoppingCartAnimationUITests */,
			);
		};
/* End PBXProject section */

/* Begin PBXResourcesBuildPhase section */
		FAEC3B9E1CD1BA5E00460C17 /* Resources */ = {
			isa = PBXResourcesBuildPhase;
			buildActionMask = 2147483647;
			files = (
				FAEC3BB31CD1BA5E00460C17 /* LaunchScreen.storyboard in Resources */,
				FAEC3BB01CD1BA5E00460C17 /* Assets.xcassets in Resources */,
				FAEC3BAE1CD1BA5E00460C17 /* Main.storyboard in Resources */,
			);
			runOnlyForDeploymentPostprocessing = 0;
		};
		FAEC3BB71CD1BA5E00460C17 /* Resources */ = {
			isa = PBXResourcesBuildPhase;
			buildActionMask = 2147483647;
			files = (
			);
			runOnlyForDeploymentPostprocessing = 0;
		};
		FAEC3BC21CD1BA5E00460C17 /* Resources */ = {
			isa = PBXResourcesBuildPhase;
			buildActionMask = 2147483647;
			files = (
			);
			runOnlyForDeploymentPostprocessing = 0;
		};
/* End PBXResourcesBuildPhase section */

/* Begin PBXSourcesBuildPhase section */
		FAEC3B9C1CD1BA5E00460C17 /* Sources */ = {
			isa = PBXSourcesBuildPhase;
			buildActionMask = 2147483647;
			files = (
				FAEC3BAB1CD1BA5E00460C17 /* ViewController.m in Sources */,
				FAEC3BA81CD1BA5E00460C17 /* AppDelegate.m in Sources */,
				FAEC3BA51CD1BA5E00460C17 /* main.m in Sources */,
			);
			runOnlyForDeploymentPostprocessing = 0;
		};
		FAEC3BB51CD1BA5E00460C17 /* Sources */ = {
			isa = PBXSourcesBuildPhase;
			buildActionMask = 2147483647;
			files = (
				FAEC3BBE1CD1BA5E00460C17 /* ShoppingCartAnimationTests.m in Sources */,
			);
			runOnlyForDeploymentPostprocessing = 0;
		};
		FAEC3BC01CD1BA5E00460C17 /* Sources */ = {
			isa = PBXSourcesBuildPhase;
			buildActionMask = 2147483647;
			files = (
				FAEC3BC91CD1BA5E00460C17 /* ShoppingCartAnimationUITests.m in Sources */,
			);
			runOnlyForDeploymentPostprocessing = 0;
		};
/* End PBXSourcesBuildPhase section */

/* Begin PBXTargetDependency section */
		FAEC3BBB1CD1BA5E00460C17 /* PBXTargetDependency */ = {
			isa = PBXTargetDependency;
			target = FAEC3B9F1CD1BA5E00460C17 /* ShoppingCartAnimation */;
			targetProxy = FAEC3BBA1CD1BA5E00460C17 /* PBXContainerItemProxy */;
		};
		FAEC3BC61CD1BA5E00460C17 /* PBXTargetDependency */ = {
			isa = PBXTargetDependency;
			target = FAEC3B9F1CD1BA5E00460C17 /* ShoppingCartAnimation */;
			targetProxy = FAEC3BC51CD1BA5E00460C17 /* PBXContainerItemProxy */;
		};
/* End PBXTargetDependency section */

/* Begin PBXVariantGroup section */
		FAEC3BAC1CD1BA5E00460C17 /* Main.storyboard */ = {
			isa = PBXVariantGroup;
			children = (
				FAEC3BAD1CD1BA5E00460C17 /* Base */,
			);
			name = Main.storyboard;
			sourceTree = "<group>";
		};
		FAEC3BB11CD1BA5E00460C17 /* LaunchScreen.storyboard */ = {
			isa = PBXVariantGroup;
			children = (
				FAEC3BB21CD1BA5E00460C17 /* Base */,
			);
			name = LaunchScreen.storyboard;
			sourceTree = "<group>";
		};
/* End PBXVariantGroup section */

/* Begin XCBuildConfiguration section */
		FAEC3BCB1CD1BA5E00460C17 /* Debug */ = {
			isa = XCBuildConfiguration;
			buildSettings = {
				ALWAYS_SEARCH_USER_PATHS = NO;
				CLANG_ANALYZER_NONNULL = YES;
				CLANG_CXX_LANGUAGE_STANDARD = "gnu++0x";
				CLANG_CXX_LIBRARY = "libc++";
				CLANG_ENABLE_MODULES = YES;
				CLANG_ENABLE_OBJC_ARC = YES;
				CLANG_WARN_BOOL_CONVERSION = YES;
				CLANG_WARN_CONSTANT_CONVERSION = YES;
				CLANG_WARN_DIRECT_OBJC_ISA_USAGE = YES_ERROR;
				CLANG_WARN_EMPTY_BODY = YES;
				CLANG_WARN_ENUM_CONVERSION = YES;
				CLANG_WARN_INT_CONVERSION = YES;
				CLANG_WARN_OBJC_ROOT_CLASS = YES_ERROR;
				CLANG_WARN_UNREACHABLE_CODE = YES;
				CLANG_WARN__DUPLICATE_METHOD_MATCH = YES;
				"CODE_SIGN_IDENTITY[sdk=iphoneos*]" = "iPhone Developer";
				COPY_PHASE_STRIP = NO;
				DEBUG_INFORMATION_FORMAT = dwarf;
				ENABLE_STRICT_OBJC_MSGSEND = YES;
				ENABLE_TESTABILITY = YES;
				GCC_C_LANGUAGE_STANDARD = gnu99;
				GCC_DYNAMIC_NO_PIC = NO;
				GCC_NO_COMMON_BLOCKS = YES;
				GCC_OPTIMIZATION_LEVEL = 0;
				GCC_PREPROCESSOR_DEFINITIONS = (
					"DEBUG=1",
					"$(inherited)",
				);
				GCC_WARN_64_TO_32_BIT_CONVERSION = YES;
				GCC_WARN_ABOUT_RETURN_TYPE = YES_ERROR;
				GCC_WARN_UNDECLARED_SELECTOR = YES;
				GCC_WARN_UNINITIALIZED_AUTOS = YES_AGGRESSIVE;
				GCC_WARN_UNUSED_FUNCTION = YES;
				GCC_WARN_UNUSED_VARIABLE = YES;
				IPHONEOS_DEPLOYMENT_TARGET = 9.3;
				MTL_ENABLE_DEBUG_INFO = YES;
				ONLY_ACTIVE_ARCH = YES;
				SDKROOT = iphoneos;
			};
			name = Debug;
		};
		FAEC3BCC1CD1BA5E00460C17 /* Release */ = {
			isa = XCBuildConfiguration;
			buildSettings = {
				ALWAYS_SEARCH_USER_PATHS = NO;
				CLANG_ANALYZER_NONNULL = YES;
				CLANG_CXX_LANGUAGE_STANDARD = "gnu++0x";
				CLANG_CXX_LIBRARY = "libc++";
				CLANG_ENABLE_MODULES = YES;
				CLANG_ENABLE_OBJC_ARC = YES;
				CLANG_WARN_BOOL_CONVERSION = YES;
				CLANG_WARN_CONSTANT_CONVERSION = YES;
				CLANG_WARN_DIRECT_OBJC_ISA_USAGE = YES_ERROR;
				CLANG_WARN_EMPTY_BODY = YES;
				CLANG_WARN_ENUM_CONVERSION = YES;
				CLANG_WARN_INT_CONVERSION = YES;
				CLANG_WARN_OBJC_ROOT_CLASS = YES_ERROR;
				CLANG_WARN_UNREACHABLE_CODE = YES;
				CLANG_WARN__DUPLICATE_METHOD_MATCH = YES;
				"CODE_SIGN_IDENTITY[sdk=iphoneos*]" = "iPhone Developer";
				COPY_PHASE_STRIP = NO;
				DEBUG_INFORMATION_FORMAT = "dwarf-with-dsym";
				ENABLE_NS_ASSERTIONS = NO;
				ENABLE_STRICT_OBJC_MSGSEND = YES;
				GCC_C_LANGUAGE_STANDARD = gnu99;
				GCC_NO_COMMON_BLOCKS = YES;
				GCC_WARN_64_TO_32_BIT_CONVERSION = YES;
				GCC_WARN_ABOUT_RETURN_TYPE = YES_ERROR;
				GCC_WARN_UNDECLARED_SELECTOR = YES;
				GCC_WARN_UNINITIALIZED_AUTOS = YES_AGGRESSIVE;
				GCC_WARN_UNUSED_FUNCTION = YES;
				GCC_WARN_UNUSED_VARIABLE = YES;
				IPHONEOS_DEPLOYMENT_TARGET = 9.3;
				MTL_ENABLE_DEBUG_INFO = NO;
				SDKROOT = iphoneos;
				VALIDATE_PRODUCT = YES;
			};
			name = Release;
		};
		FAEC3BCE1CD1BA5E00460C17 /* Debug */ = {
			isa = XCBuildConfiguration;
			buildSettings = {
				ASSETCATALOG_COMPILER_APPICON_NAME = AppIcon;
				INFOPLIST_FILE = ShoppingCartAnimation/Info.plist;
				LD_RUNPATH_SEARCH_PATHS = "$(inherited) @executable_path/Frameworks";
				PRODUCT_BUNDLE_IDENTIFIER = Alex.ShoppingCartAnimation;
				PRODUCT_NAME = "$(TARGET_NAME)";
			};
			name = Debug;
		};
		FAEC3BCF1CD1BA5E00460C17 /* Release */ = {
			isa = XCBuildConfiguration;
			buildSettings = {
				ASSETCATALOG_COMPILER_APPICON_NAME = AppIcon;
				INFOPLIST_FILE = ShoppingCartAnimation/Info.plist;
				LD_RUNPATH_SEARCH_PATHS = "$(inherited) @executable_path/Frameworks";
				PRODUCT_BUNDLE_IDENTIFIER = Alex.ShoppingCartAnimation;
				PRODUCT_NAME = "$(TARGET_NAME)";
			};
			name = Release;
		};
		FAEC3BD11CD1BA5E00460C17 /* Debug */ = {
			isa = XCBuildConfiguration;
			buildSettings = {
				BUNDLE_LOADER = "$(TEST_HOST)";
				INFOPLIST_FILE = ShoppingCartAnimationTests/Info.plist;
				LD_RUNPATH_SEARCH_PATHS = "$(inherited) @executable_path/Frameworks @loader_path/Frameworks";
				PRODUCT_BUNDLE_IDENTIFIER = Alex.ShoppingCartAnimationTests;
				PRODUCT_NAME = "$(TARGET_NAME)";
				TEST_HOST = "$(BUILT_PRODUCTS_DIR)/ShoppingCartAnimation.app/ShoppingCartAnimation";
			};
			name = Debug;
		};
		FAEC3BD21CD1BA5E00460C17 /* Release */ = {
			isa = XCBuildConfiguration;
			buildSettings = {
				BUNDLE_LOADER = "$(TEST_HOST)";
				INFOPLIST_FILE = ShoppingCartAnimationTests/Info.plist;
				LD_RUNPATH_SEARCH_PATHS = "$(inherited) @executable_path/Frameworks @loader_path/Frameworks";
				PRODUCT_BUNDLE_IDENTIFIER = Alex.ShoppingCartAnimationTests;
				PRODUCT_NAME = "$(TARGET_NAME)";
				TEST_HOST = "$(BUILT_PRODUCTS_DIR)/ShoppingCartAnimation.app/ShoppingCartAnimation";
			};
			name = Release;
		};
		FAEC3BD41CD1BA5E00460C17 /* Debug */ = {
			isa = XCBuildConfiguration;
			buildSettings = {
				INFOPLIST_FILE = ShoppingCartAnimationUITests/Info.plist;
				LD_RUNPATH_SEARCH_PATHS = "$(inherited) @executable_path/Frameworks @loader_path/Frameworks";
				PRODUCT_BUNDLE_IDENTIFIER = Alex.ShoppingCartAnimationUITests;
				PRODUCT_NAME = "$(TARGET_NAME)";
				TEST_TARGET_NAME = ShoppingCartAnimation;
			};
			name = Debug;
		};
		FAEC3BD51CD1BA5E00460C17 /* Release */ = {
			isa = XCBuildConfiguration;
			buildSettings = {
				INFOPLIST_FILE = ShoppingCartAnimationUITests/Info.plist;
				LD_RUNPATH_SEARCH_PATHS = "$(inherited) @executable_path/Frameworks @loader_path/Frameworks";
				PRODUCT_BUNDLE_IDENTIFIER = Alex.ShoppingCartAnimationUITests;
				PRODUCT_NAME = "$(TARGET_NAME)";
				TEST_TARGET_NAME = ShoppingCartAnimation;
			};
			name = Release;
		};
/* End XCBuildConfiguration section */

/* Begin XCConfigurationList section */
		FAEC3B9B1CD1BA5E00460C17 /* Build configuration list for PBXProject "ShoppingCartAnimation" */ = {
			isa = XCConfigurationList;
			buildConfigurations = (
				FAEC3BCB1CD1BA5E00460C17 /* Debug */,
				FAEC3BCC1CD1BA5E00460C17 /* Release */,
			);
			defaultConfigurationIsVisible = 0;
			defaultConfigurationName = Release;
		};
		FAEC3BCD1CD1BA5E00460C17 /* Build configuration list for PBXNativeTarget "ShoppingCartAnimation" */ = {
			isa = XCConfigurationList;
			buildConfigurations = (
				FAEC3BCE1CD1BA5E00460C17 /* Debug */,
				FAEC3BCF1CD1BA5E00460C17 /* Release */,
			);
			defaultConfigurationIsVisible = 0;
		};
		FAEC3BD01CD1BA5E00460C17 /* Build configuration list for PBXNativeTarget "ShoppingCartAnimationTests" */ = {
			isa = XCConfigurationList;
			buildConfigurations = (
				FAEC3BD11CD1BA5E00460C17 /* Debug */,
				FAEC3BD21CD1BA5E00460C17 /* Release */,
			);
			defaultConfigurationIsVisible = 0;
		};
		FAEC3BD31CD1BA5E00460C17 /* Build configuration list for PBXNativeTarget "ShoppingCartAnimationUITests" */ = {
			isa = XCConfigurationList;
			buildConfigurations = (
				FAEC3BD41CD1BA5E00460C17 /* Debug */,
				FAEC3BD51CD1BA5E00460C17 /* Release */,
			);
			defaultConfigurationIsVisible = 0;
		};
/* End XCConfigurationList section */
	};
	rootObject = FAEC3B981CD1BA5E00460C17 /* Project object */;
}
